# This file is autogenerated, do not edit; changes may be undone by the next 'dep ensure'.


[[projects]]
  name = "github.com/Bowery/prompt"
  packages = ["."]
  revision = "0f1139e9a1c74b57ccce6bdb3cd2f7cd04dd3449"

[[projects]]
  name = "github.com/dchest/safefile"
  packages = ["."]
  revision = "855e8d98f1852d48dde521e0522408d1fe7e836a"

[[projects]]
  branch = "master"
  name = "golang.org/x/sys"
  packages = ["unix"]
  revision = "ebfc5b4631820b793c9010c87fd8fef0f39eb082"

[solve-meta]
  analyzer-name = "dep"
  analyzer-version = 1
  inputs-digest = "86b83c814eafcfe22dc5466976859ae59ff8191c77f439410547fb6b15ead41c"
  solver-name = "gps-cdcl"
  solver-version = 1
